
Microsoft Visual Studio Solution File, Format Version 12.00
# Visual Studio 14
VisualStudioVersion = 14.0.22823.1
MinimumVisualStudioVersion = 10.0.40219.1
Project("{FAE04EC0-301F-11D3-BF4B-00C04F79EFBC}") = "judgewaddell.org", "judgewaddell.org\judgewaddell.org.csproj", "{5D227A01-05A1-44CD-A04E-0D0635C5EE91}"
EndProject
Project("{2150E333-8FDC-42A3-9474-1A3956D46DE8}") = "PublishScripts", "PublishScripts", "{88A811BE-BFFE-4EF0-BA0F-543934187779}"
	ProjectSection(SolutionItems) = preProject
		PublishScripts\AzureWebsitePublishModule.psm1 = PublishScripts\AzureWebsitePublishModule.psm1
		PublishScripts\Publish-WebApplicationWebsite.ps1 = PublishScripts\Publish-WebApplicationWebsite.ps1
	EndProjectSection
EndProject
Project("{2150E333-8FDC-42A3-9474-1A3956D46DE8}") = "Configurations", "Configurations", "{85BAF035-E719-47A9-8B6D-C5A8B55F6EEF}"
	ProjectSection(SolutionItems) = preProject
		PublishScripts\Configurations\judgewaddellorg-WAWS-dev.json = PublishScripts\Configurations\judgewaddellorg-WAWS-dev.json
	EndProjectSection
EndProject
Global
	GlobalSection(SolutionConfigurationPlatforms) = preSolution
		Debug|Any CPU = Debug|Any CPU
		Release|Any CPU = Release|Any CPU
	EndGlobalSection
	GlobalSection(ProjectConfigurationPlatforms) = postSolution
		{5D227A01-05A1-44CD-A04E-0D0635C5EE91}.Debug|Any CPU.ActiveCfg = Debug|Any CPU
		{5D227A01-05A1-44CD-A04E-0D0635C5EE91}.Debug|Any CPU.Build.0 = Debug|Any CPU
		{5D227A01-05A1-44CD-A04E-0D0635C5EE91}.Release|Any CPU.ActiveCfg = Release|Any CPU
		{5D227A01-05A1-44CD-A04E-0D0635C5EE91}.Release|Any CPU.Build.0 = Release|Any CPU
	EndGlobalSection
	GlobalSection(SolutionProperties) = preSolution
		HideSolutionNode = FALSE
	EndGlobalSection
	GlobalSection(NestedProjects) = preSolution
		{85BAF035-E719-47A9-8B6D-C5A8B55F6EEF} = {88A811BE-BFFE-4EF0-BA0F-543934187779}
	EndGlobalSection
EndGlobal
